// !$*UTF8*$!
{
	archiveVersion = 1;
	classes = {
	};
	objectVersion = 50;
	objects = {

/* Begin PBXBuildFile section */
		550EEFDD26B9BEB90041158C /* AppDelegate.swift in Sources */ = {isa = PBXBuildFile; fileRef = 550EEFDC26B9BEB90041158C /* AppDelegate.swift */; };
		550EEFDF26B9BEB90041158C /* SceneDelegate.swift in Sources */ = {isa = PBXBuildFile; fileRef = 550EEFDE26B9BEB90041158C /* SceneDelegate.swift */; };
		550EEFE126B9BEB90041158C /* ViewController.swift in Sources */ = {isa = PBXBuildFile; fileRef = 550EEFE026B9BEB90041158C /* ViewController.swift */; };
		550EEFE426B9BEB90041158C /* Main.storyboard in Resources */ = {isa = PBXBuildFile; fileRef = 550EEFE226B9BEB90041158C /* Main.storyboard */; };
		550EEFE726B9BEB90041158C /* camera_display.xcdatamodeld in Sources */ = {isa = PBXBuildFile; fileRef = 550EEFE526B9BEB90041158C /* camera_display.xcdatamodeld */; };
		550EEFE926B9BEBC0041158C /* Assets.xcassets in Resources */ = {isa = PBXBuildFile; fileRef = 550EEFE826B9BEBC0041158C /* Assets.xcassets */; };
		550EEFEC26B9BEBC0041158C /* LaunchScreen.storyboard in Resources */ = {isa = PBXBuildFile; fileRef = 550EEFEA26B9BEBC0041158C /* LaunchScreen.storyboard */; };
		550EEFF726B9BEBC0041158C /* camera_displayTests.swift in Sources */ = {isa = PBXBuildFile; fileRef = 550EEFF626B9BEBC0041158C /* camera_displayTests.swift */; };
		550EF00226B9BEBC0041158C /* camera_displayUITests.swift in Sources */ = {isa = PBXBuildFile; fileRef = 550EF00126B9BEBC0041158C /* camera_displayUITests.swift */; };
/* End PBXBuildFile section */

/* Begin PBXContainerItemProxy section */
		550EEFF326B9BEBC0041158C /* PBXContainerItemProxy */ = {
			isa = PBXContainerItemProxy;
			containerPortal = 550EEFD126B9BEB90041158C /* Project object */;
			proxyType = 1;
			remoteGlobalIDString = 550EEFD826B9BEB90041158C;
			remoteInfo = "camera+display";
		};
		550EEFFE26B9BEBC0041158C /* PBXContainerItemProxy */ = {
			isa = PBXContainerItemProxy;
			containerPortal = 550EEFD126B9BEB90041158C /* Project object */;
			proxyType = 1;
			remoteGlobalIDString = 550EEFD826B9BEB90041158C;
			remoteInfo = "camera+display";
		};
/* End PBXContainerItemProxy section */

/* Begin PBXFileReference section */
		550EEFD926B9BEB90041158C /* camera+display.app */ = {isa = PBXFileReference; explicitFileType = wrapper.application; includeInIndex = 0; path = "camera+display.app"; sourceTree = BUILT_PRODUCTS_DIR; };
		550EEFDC26B9BEB90041158C /* AppDelegate.swift */ = {isa = PBXFileReference; lastKnownFileType = sourcecode.swift; path = AppDelegate.swift; sourceTree = "<group>"; };
		550EEFDE26B9BEB90041158C /* SceneDelegate.swift */ = {isa = PBXFileReference; lastKnownFileType = sourcecode.swift; path = SceneDelegate.swift; sourceTree = "<group>"; };
		550EEFE026B9BEB90041158C /* ViewController.swift */ = {isa = PBXFileReference; lastKnownFileType = sourcecode.swift; path = ViewController.swift; sourceTree = "<group>"; };
		550EEFE326B9BEB90041158C /* Base */ = {isa = PBXFileReference; lastKnownFileType = file.storyboard; name = Base; path = Base.lproj/Main.storyboard; sourceTree = "<group>"; };
		550EEFE626B9BEB90041158C /* camera_display.xcdatamodel */ = {isa = PBXFileReference; lastKnownFileType = wrapper.xcdatamodel; path = camera_display.xcdatamodel; sourceTree = "<group>"; };
		550EEFE826B9BEBC0041158C /* Assets.xcassets */ = {isa = PBXFileReference; lastKnownFileType = folder.assetcatalog; path = Assets.xcassets; sourceTree = "<group>"; };
		550EEFEB26B9BEBC0041158C /* Base */ = {isa = PBXFileReference; lastKnownFileType = file.storyboard; name = Base; path = Base.lproj/LaunchScreen.storyboard; sourceTree = "<group>"; };
		550EEFED26B9BEBC0041158C /* Info.plist */ = {isa = PBXFileReference; lastKnownFileType = text.plist.xml; path = Info.plist; sourceTree = "<group>"; };
		550EEFF226B9BEBC0041158C /* camera+displayTests.xctest */ = {isa = PBXFileReference; explicitFileType = wrapper.cfbundle; includeInIndex = 0; path = "camera+displayTests.xctest"; sourceTree = BUILT_PRODUCTS_DIR; };
		550EEFF626B9BEBC0041158C /* camera_displayTests.swift */ = {isa = PBXFileReference; lastKnownFileType = sourcecode.swift; path = camera_displayTests.swift; sourceTree = "<group>"; };
		550EEFF826B9BEBC0041158C /* Info.plist */ = {isa = PBXFileReference; lastKnownFileType = text.plist.xml; path = Info.plist; sourceTree = "<group>"; };
		550EEFFD26B9BEBC0041158C /* camera+displayUITests.xctest */ = {isa = PBXFileReference; explicitFileType = wrapper.cfbundle; includeInIndex = 0; path = "camera+displayUITests.xctest"; sourceTree = BUILT_PRODUCTS_DIR; };
		550EF00126B9BEBC0041158C /* camera_displayUITests.swift */ = {isa = PBXFileReference; lastKnownFileType = sourcecode.swift; path = camera_displayUITests.swift; sourceTree = "<group>"; };
		550EF00326B9BEBC0041158C /* Info.plist */ = {isa = PBXFileReference; lastKnownFileType = text.plist.xml; path = Info.plist; sourceTree = "<group>"; };
/* End PBXFileReference section */

/* Begin PBXFrameworksBuildPhase section */
		550EEFD626B9BEB90041158C /* Frameworks */ = {
			isa = PBXFrameworksBuildPhase;
			buildActionMask = 2147483647;
			files = (
			);
			runOnlyForDeploymentPostprocessing = 0;
		};
		550EEFEF26B9BEBC0041158C /* Frameworks */ = {
			isa = PBXFrameworksBuildPhase;
			buildActionMask = 2147483647;
			files = (
			);
			runOnlyForDeploymentPostprocessing = 0;
		};
		550EEFFA26B9BEBC0041158C /* Frameworks */ = {
			isa = PBXFrameworksBuildPhase;
			buildActionMask = 2147483647;
			files = (
			);
			runOnlyForDeploymentPostprocessing = 0;
		};
/* End PBXFrameworksBuildPhase section */

/* Begin PBXGroup section */
		550EEFD026B9BEB90041158C = {
			isa = PBXGroup;
			children = (
				550EEFDB26B9BEB90041158C /* camera+display */,
				550EEFF526B9BEBC0041158C /* camera+displayTests */,
				550EF00026B9BEBC0041158C /* camera+displayUITests */,
				550EEFDA26B9BEB90041158C /* Products */,
			);
			sourceTree = "<group>";
		};
		550EEFDA26B9BEB90041158C /* Products */ = {
			isa = PBXGroup;
			children = (
				550EEFD926B9BEB90041158C /* camera+display.app */,
				550EEFF226B9BEBC0041158C /* camera+displayTests.xctest */,
				550EEFFD26B9BEBC0041158C /* camera+displayUITests.xctest */,
			);
			name = Products;
			sourceTree = "<group>";
		};
		550EEFDB26B9BEB90041158C /* camera+display */ = {
			isa = PBXGroup;
			children = (
				550EEFDC26B9BEB90041158C /* AppDelegate.swift */,
				550EEFDE26B9BEB90041158C /* SceneDelegate.swift */,
				550EEFE026B9BEB90041158C /* ViewController.swift */,
				550EEFE226B9BEB90041158C /* Main.storyboard */,
				550EEFE826B9BEBC0041158C /* Assets.xcassets */,
				550EEFEA26B9BEBC0041158C /* LaunchScreen.storyboard */,
				550EEFED26B9BEBC0041158C /* Info.plist */,
				550EEFE526B9BEB90041158C /* camera_display.xcdatamodeld */,
			);
			path = "camera+display";
			sourceTree = "<group>";
		};
		550EEFF526B9BEBC0041158C /* camera+displayTests */ = {
			isa = PBXGroup;
			children = (
				550EEFF626B9BEBC0041158C /* camera_displayTests.swift */,
				550EEFF826B9BEBC0041158C /* Info.plist */,
			);
			path = "camera+displayTests";
			sourceTree = "<group>";
		};
		550EF00026B9BEBC0041158C /* camera+displayUITests */ = {
			isa = PBXGroup;
			children = (
				550EF00126B9BEBC0041158C /* camera_displayUITests.swift */,
				550EF00326B9BEBC0041158C /* Info.plist */,
			);
			path = "camera+displayUITests";
			sourceTree = "<group>";
		};
/* End PBXGroup section */

/* Begin PBXNativeTarget section */
		550EEFD826B9BEB90041158C /* camera+display */ = {
			isa = PBXNativeTarget;
			buildConfigurationList = 550EF00626B9BEBC0041158C /* Build configuration list for PBXNativeTarget "camera+display" */;
			buildPhases = (
				550EEFD526B9BEB90041158C /* Sources */,
				550EEFD626B9BEB90041158C /* Frameworks */,
				550EEFD726B9BEB90041158C /* Resources */,
			);
			buildRules = (
			);
			dependencies = (
			);
			name = "camera+display";
			productName = "camera+display";
			productReference = 550EEFD926B9BEB90041158C /* camera+display.app */;
			productType = "com.apple.product-type.application";
		};
		550EEFF126B9BEBC0041158C /* camera+displayTests */ = {
			isa = PBXNativeTarget;
			buildConfigurationList = 550EF00926B9BEBC0041158C /* Build configuration list for PBXNativeTarget "camera+displayTests" */;
			buildPhases = (
				550EEFEE26B9BEBC0041158C /* Sources */,
				550EEFEF26B9BEBC0041158C /* Frameworks */,
				550EEFF026B9BEBC0041158C /* Resources */,
			);
			buildRules = (
			);
			dependencies = (
				550EEFF426B9BEBC0041158C /* PBXTargetDependency */,
			);
			name = "camera+displayTests";
			productName = "camera+displayTests";
			productReference = 550EEFF226B9BEBC0041158C /* camera+displayTests.xctest */;
			productType = "com.apple.product-type.bundle.unit-test";
		};
		550EEFFC26B9BEBC0041158C /* camera+displayUITests */ = {
			isa = PBXNativeTarget;
			buildConfigurationList = 550EF00C26B9BEBC0041158C /* Build configuration list for PBXNativeTarget "camera+displayUITests" */;
			buildPhases = (
				550EEFF926B9BEBC0041158C /* Sources */,
				550EEFFA26B9BEBC0041158C /* Frameworks */,
				550EEFFB26B9BEBC0041158C /* Resources */,
			);
			buildRules = (
			);
			dependencies = (
				550EEFFF26B9BEBC0041158C /* PBXTargetDependency */,
			);
			name = "camera+displayUITests";
			productName = "camera+displayUITests";
			productReference = 550EEFFD26B9BEBC0041158C /* camera+displayUITests.xctest */;
			productType = "com.apple.product-type.bundle.ui-testing";
		};
/* End PBXNativeTarget section */

/* Begin PBXProject section */
		550EEFD126B9BEB90041158C /* Project object */ = {
			isa = PBXProject;
			attributes = {
				LastSwiftUpdateCheck = 1250;
				LastUpgradeCheck = 1250;
				TargetAttributes = {
					550EEFD826B9BEB90041158C = {
						CreatedOnToolsVersion = 12.5.1;
					};
					550EEFF126B9BEBC0041158C = {
						CreatedOnToolsVersion = 12.5.1;
						TestTargetID = 550EEFD826B9BEB90041158C;
					};
					550EEFFC26B9BEBC0041158C = {
						CreatedOnToolsVersion = 12.5.1;
						TestTargetID = 550EEFD826B9BEB90041158C;
					};
				};
			};
			buildConfigurationList = 550EEFD426B9BEB90041158C /* Build configuration list for PBXProject "camera+display" */;
			compatibilityVersion = "Xcode 9.3";
			developmentRegion = en;
			hasScannedForEncodings = 0;
			knownRegions = (
				en,
				Base,
			);
			mainGroup = 550EEFD026B9BEB90041158C;
			productRefGroup = 550EEFDA26B9BEB90041158C /* Products */;
			projectDirPath = "";
			projectRoot = "";
			targets = (
				550EEFD826B9BEB90041158C /* camera+display */,
				550EEFF126B9BEBC0041158C /* camera+displayTests */,
				550EEFFC26B9BEBC0041158C /* camera+displayUITests */,
			);
		};
/* End PBXProject section */

/* Begin PBXResourcesBuildPhase section */
		550EEFD726B9BEB90041158C /* Resources */ = {
			isa = PBXResourcesBuildPhase;
			buildActionMask = 2147483647;
			files = (
				550EEFEC26B9BEBC0041158C /* LaunchScreen.storyboard in Resources */,
				550EEFE926B9BEBC0041158C /* Assets.xcassets in Resources */,
				550EEFE426B9BEB90041158C /* Main.storyboard in Resources */,
			);
			runOnlyForDeploymentPostprocessing = 0;
		};
		550EEFF026B9BEBC0041158C /* Resources */ = {
			isa = PBXResourcesBuildPhase;
			buildActionMask = 2147483647;
			files = (
			);
			runOnlyForDeploymentPostprocessing = 0;
		};
		550EEFFB26B9BEBC0041158C /* Resources */ = {
			isa = PBXResourcesBuildPhase;
			buildActionMask = 2147483647;
			files = (
			);
			runOnlyForDeploymentPostprocessing = 0;
		};
/* End PBXResourcesBuildPhase section */

/* Begin PBXSourcesBuildPhase section */
		550EEFD526B9BEB90041158C /* Sources */ = {
			isa = PBXSourcesBuildPhase;
			buildActionMask = 2147483647;
			files = (
				550EEFE126B9BEB90041158C /* ViewController.swift in Sources */,
				550EEFE726B9BEB90041158C /* camera_display.xcdatamodeld in Sources */,
				550EEFDD26B9BEB90041158C /* AppDelegate.swift in Sources */,
				550EEFDF26B9BEB90041158C /* SceneDelegate.swift in Sources */,
			);
			runOnlyForDeploymentPostprocessing = 0;
		};
		550EEFEE26B9BEBC0041158C /* Sources */ = {
			isa = PBXSourcesBuildPhase;
			buildActionMask = 2147483647;
			files = (
				550EEFF726B9BEBC0041158C /* camera_displayTests.swift in Sources */,
			);
			runOnlyForDeploymentPostprocessing = 0;
		};
		550EEFF926B9BEBC0041158C /* Sources */ = {
			isa = PBXSourcesBuildPhase;
			buildActionMask = 2147483647;
			files = (
				550EF00226B9BEBC0041158C /* camera_displayUITests.swift in Sources */,
			);
			runOnlyForDeploymentPostprocessing = 0;
		};
/* End PBXSourcesBuildPhase section */

/* Begin PBXTargetDependency section */
		550EEFF426B9BEBC0041158C /* PBXTargetDependency */ = {
			isa = PBXTargetDependency;
			target = 550EEFD826B9BEB90041158C /* camera+display */;
			targetProxy = 550EEFF326B9BEBC0041158C /* PBXContainerItemProxy */;
		};
		550EEFFF26B9BEBC0041158C /* PBXTargetDependency */ = {
			isa = PBXTargetDependency;
			target = 550EEFD826B9BEB90041158C /* camera+display */;
			targetProxy = 550EEFFE26B9BEBC0041158C /* PBXContainerItemProxy */;
		};
/* End PBXTargetDependency section */

/* Begin PBXVariantGroup section */
		550EEFE226B9BEB90041158C /* Main.storyboard */ = {
			isa = PBXVariantGroup;
			children = (
				550EEFE326B9BEB90041158C /* Base */,
			);
			name = Main.storyboard;
			sourceTree = "<group>";
		};
		550EEFEA26B9BEBC0041158C /* LaunchScreen.storyboard */ = {
			isa = PBXVariantGroup;
			children = (
				550EEFEB26B9BEBC0041158C /* Base */,
			);
			name = LaunchScreen.storyboard;
			sourceTree = "<group>";
		};
/* End PBXVariantGroup section */

/* Begin XCBuildConfiguration section */
		550EF00426B9BEBC0041158C /* Debug */ = {
			isa = XCBuildConfiguration;
			buildSettings = {
				ALWAYS_SEARCH_USER_PATHS = NO;
				CLANG_ANALYZER_NONNULL = YES;
				CLANG_ANALYZER_NUMBER_OBJECT_CONVERSION = YES_AGGRESSIVE;
				CLANG_CXX_LANGUAGE_STANDARD = "gnu++14";
				CLANG_CXX_LIBRARY = "libc++";
				CLANG_ENABLE_MODULES = YES;
				CLANG_ENABLE_OBJC_ARC = YES;
				CLANG_ENABLE_OBJC_WEAK = YES;
				CLANG_WARN_BLOCK_CAPTURE_AUTORELEASING = YES;
				CLANG_WARN_BOOL_CONVERSION = YES;
				CLANG_WARN_COMMA = YES;
				CLANG_WARN_CONSTANT_CONVERSION = YES;
				CLANG_WARN_DEPRECATED_OBJC_IMPLEMENTATIONS = YES;
				CLANG_WARN_DIRECT_OBJC_ISA_USAGE = YES_ERROR;
				CLANG_WARN_DOCUMENTATION_COMMENTS = YES;
				CLANG_WARN_EMPTY_BODY = YES;
				CLANG_WARN_ENUM_CONVERSION = YES;
				CLANG_WARN_INFINITE_RECURSION = YES;
				CLANG_WARN_INT_CONVERSION = YES;
				CLANG_WARN_NON_LITERAL_NULL_CONVERSION = YES;
				CLANG_WARN_OBJC_IMPLICIT_RETAIN_SELF = YES;
				CLANG_WARN_OBJC_LITERAL_CONVERSION = YES;
				CLANG_WARN_OBJC_ROOT_CLASS = YES_ERROR;
				CLANG_WARN_QUOTED_INCLUDE_IN_FRAMEWORK_HEADER = YES;
				CLANG_WARN_RANGE_LOOP_ANALYSIS = YES;
				CLANG_WARN_STRICT_PROTOTYPES = YES;
				CLANG_WARN_SUSPICIOUS_MOVE = YES;
				CLANG_WARN_UNGUARDED_AVAILABILITY = YES_AGGRESSIVE;
				CLANG_WARN_UNREACHABLE_CODE = YES;
				CLANG_WARN__DUPLICATE_METHOD_MATCH = YES;
				COPY_PHASE_STRIP = NO;
				DEBUG_INFORMATION_FORMAT = dwarf;
				ENABLE_STRICT_OBJC_MSGSEND = YES;
				ENABLE_TESTABILITY = YES;
				GCC_C_LANGUAGE_STANDARD = gnu11;
				GCC_DYNAMIC_NO_PIC = NO;
				GCC_NO_COMMON_BLOCKS = YES;
				GCC_OPTIMIZATION_LEVEL = 0;
				GCC_PREPROCESSOR_DEFINITIONS = (
					"DEBUG=1",
					"$(inherited)",
				);
				GCC_WARN_64_TO_32_BIT_CONVERSION = YES;
				GCC_WARN_ABOUT_RETURN_TYPE = YES_ERROR;
				GCC_WARN_UNDECLARED_SELECTOR = YES;
				GCC_WARN_UNINITIALIZED_AUTOS = YES_AGGRESSIVE;
				GCC_WARN_UNUSED_FUNCTION = YES;
				GCC_WARN_UNUSED_VARIABLE = YES;
				IPHONEOS_DEPLOYMENT_TARGET = 14.5;
				MTL_ENABLE_DEBUG_INFO = INCLUDE_SOURCE;
				MTL_FAST_MATH = YES;
				ONLY_ACTIVE_ARCH = YES;
				SDKROOT = iphoneos;
				SWIFT_ACTIVE_COMPILATION_CONDITIONS = DEBUG;
				SWIFT_OPTIMIZATION_LEVEL = "-Onone";
			};
			name = Debug;
		};
		550EF00526B9BEBC0041158C /* Release */ = {
			isa = XCBuildConfiguration;
			buildSettings = {
				ALWAYS_SEARCH_USER_PATHS = NO;
				CLANG_ANALYZER_NONNULL = YES;
				CLANG_ANALYZER_NUMBER_OBJECT_CONVERSION = YES_AGGRESSIVE;
				CLANG_CXX_LANGUAGE_STANDARD = "gnu++14";
				CLANG_CXX_LIBRARY = "libc++";
				CLANG_ENABLE_MODULES = YES;
				CLANG_ENABLE_OBJC_ARC = YES;
				CLANG_ENABLE_OBJC_WEAK = YES;
				CLANG_WARN_BLOCK_CAPTURE_AUTORELEASING = YES;
				CLANG_WARN_BOOL_CONVERSION = YES;
				CLANG_WARN_COMMA = YES;
				CLANG_WARN_CONSTANT_CONVERSION = YES;
				CLANG_WARN_DEPRECATED_OBJC_IMPLEMENTATIONS = YES;
				CLANG_WARN_DIRECT_OBJC_ISA_USAGE = YES_ERROR;
				CLANG_WARN_DOCUMENTATION_COMMENTS = YES;
				CLANG_WARN_EMPTY_BODY = YES;
				CLANG_WARN_ENUM_CONVERSION = YES;
				CLANG_WARN_INFINITE_RECURSION = YES;
				CLANG_WARN_INT_CONVERSION = YES;
				CLANG_WARN_NON_LITERAL_NULL_CONVERSION = YES;
				CLANG_WARN_OBJC_IMPLICIT_RETAIN_SELF = YES;
				CLANG_WARN_OBJC_LITERAL_CONVERSION = YES;
				CLANG_WARN_OBJC_ROOT_CLASS = YES_ERROR;
				CLANG_WARN_QUOTED_INCLUDE_IN_FRAMEWORK_HEADER = YES;
				CLANG_WARN_RANGE_LOOP_ANALYSIS = YES;
				CLANG_WARN_STRICT_PROTOTYPES = YES;
				CLANG_WARN_SUSPICIOUS_MOVE = YES;
				CLANG_WARN_UNGUARDED_AVAILABILITY = YES_AGGRESSIVE;
				CLANG_WARN_UNREACHABLE_CODE = YES;
				CLANG_WARN__DUPLICATE_METHOD_MATCH = YES;
				COPY_PHASE_STRIP = NO;
				DEBUG_INFORMATION_FORMAT = "dwarf-with-dsym";
				ENABLE_NS_ASSERTIONS = NO;
				ENABLE_STRICT_OBJC_MSGSEND = YES;
				GCC_C_LANGUAGE_STANDARD = gnu11;
				GCC_NO_COMMON_BLOCKS = YES;
				GCC_WARN_64_TO_32_BIT_CONVERSION = YES;
				GCC_WARN_ABOUT_RETURN_TYPE = YES_ERROR;
				GCC_WARN_UNDECLARED_SELECTOR = YES;
				GCC_WARN_UNINITIALIZED_AUTOS = YES_AGGRESSIVE;
				GCC_WARN_UNUSED_FUNCTION = YES;
				GCC_WARN_UNUSED_VARIABLE = YES;
				IPHONEOS_DEPLOYMENT_TARGET = 14.5;
				MTL_ENABLE_DEBUG_INFO = NO;
				MTL_FAST_MATH = YES;
				SDKROOT = iphoneos;
				SWIFT_COMPILATION_MODE = wholemodule;
				SWIFT_OPTIMIZATION_LEVEL = "-O";
				VALIDATE_PRODUCT = YES;
			};
			name = Release;
		};
		550EF00726B9BEBC0041158C /* Debug */ = {
			isa = XCBuildConfiguration;
			buildSettings = {
				ASSETCATALOG_COMPILER_APPICON_NAME = AppIcon;
				ASSETCATALOG_COMPILER_GLOBAL_ACCENT_COLOR_NAME = AccentColor;
				CODE_SIGN_STYLE = Automatic;
				DEVELOPMENT_TEAM = UJUQ4V99B4;
				INFOPLIST_FILE = "camera+display/Info.plist";
				LD_RUNPATH_SEARCH_PATHS = (
					"$(inherited)",
					"@executable_path/Frameworks",
				);
				PRODUCT_BUNDLE_IDENTIFIER = "kwk.camera-display";
				PRODUCT_NAME = "$(TARGET_NAME)";
				SWIFT_VERSION = 5.0;
				TARGETED_DEVICE_FAMILY = "1,2";
			};
			name = Debug;
		};
		550EF00826B9BEBC0041158C /* Release */ = {
			isa = XCBuildConfiguration;
			buildSettings = {
				ASSETCATALOG_COMPILER_APPICON_NAME = AppIcon;
				ASSETCATALOG_COMPILER_GLOBAL_ACCENT_COLOR_NAME = AccentColor;
				CODE_SIGN_STYLE = Automatic;
				DEVELOPMENT_TEAM = UJUQ4V99B4;
				INFOPLIST_FILE = "camera+display/Info.plist";
				LD_RUNPATH_SEARCH_PATHS = (
					"$(inherited)",
					"@executable_path/Frameworks",
				);
				PRODUCT_BUNDLE_IDENTIFIER = "kwk.camera-display";
				PRODUCT_NAME = "$(TARGET_NAME)";
				SWIFT_VERSION = 5.0;
				TARGETED_DEVICE_FAMILY = "1,2";
			};
			name = Release;
		};
		550EF00A26B9BEBC0041158C /* Debug */ = {
			isa = XCBuildConfiguration;
			buildSettings = {
				ALWAYS_EMBED_SWIFT_STANDARD_LIBRARIES = YES;
				BUNDLE_LOADER = "$(TEST_HOST)";
				CODE_SIGN_STYLE = Automatic;
				DEVELOPMENT_TEAM = UJUQ4V99B4;
				INFOPLIST_FILE = "camera+displayTests/Info.plist";
				IPHONEOS_DEPLOYMENT_TARGET = 14.5;
				LD_RUNPATH_SEARCH_PATHS = (
					"$(inherited)",
					"@executable_path/Frameworks",
					"@loader_path/Frameworks",
				);
				PRODUCT_BUNDLE_IDENTIFIER = "kwk.camera-displayTests";
				PRODUCT_NAME = "$(TARGET_NAME)";
				SWIFT_VERSION = 5.0;
				TARGETED_DEVICE_FAMILY = "1,2";
				TEST_HOST = "$(BUILT_PRODUCTS_DIR)/camera+display.app/camera+display";
			};
			name = Debug;
		};
		550EF00B26B9BEBC0041158C /* Release */ = {
			isa = XCBuildConfiguration;
			buildSettings = {
				ALWAYS_EMBED_SWIFT_STANDARD_LIBRARIES = YES;
				BUNDLE_LOADER = "$(TEST_HOST)";
				CODE_SIGN_STYLE = Automatic;
				DEVELOPMENT_TEAM = UJUQ4V99B4;
				INFOPLIST_FILE = "camera+displayTests/Info.plist";
				IPHONEOS_DEPLOYMENT_TARGET = 14.5;
				LD_RUNPATH_SEARCH_PATHS = (
					"$(inherited)",
					"@executable_path/Frameworks",
					"@loader_path/Frameworks",
				);
				PRODUCT_BUNDLE_IDENTIFIER = "kwk.camera-displayTests";
				PRODUCT_NAME = "$(TARGET_NAME)";
				SWIFT_VERSION = 5.0;
				TARGETED_DEVICE_FAMILY = "1,2";
				TEST_HOST = "$(BUILT_PRODUCTS_DIR)/camera+display.app/camera+display";
			};
			name = Release;
		};
		550EF00D26B9BEBC0041158C /* Debug */ = {
			isa = XCBuildConfiguration;
			buildSettings = {
				ALWAYS_EMBED_SWIFT_STANDARD_LIBRARIES = YES;
				CODE_SIGN_STYLE = Automatic;
				DEVELOPMENT_TEAM = UJUQ4V99B4;
				INFOPLIST_FILE = "camera+displayUITests/Info.plist";
				LD_RUNPATH_SEARCH_PATHS = (
					"$(inherited)",
					"@executable_path/Frameworks",
					"@loader_path/Frameworks",
				);
				PRODUCT_BUNDLE_IDENTIFIER = "kwk.camera-displayUITests";
				PRODUCT_NAME = "$(TARGET_NAME)";
				SWIFT_VERSION = 5.0;
				TARGETED_DEVICE_FAMILY = "1,2";
				TEST_TARGET_NAME = "camera+display";
			};
			name = Debug;
		};
		550EF00E26B9BEBC0041158C /* Release */ = {
			isa = XCBuildConfiguration;
			buildSettings = {
				ALWAYS_EMBED_SWIFT_STANDARD_LIBRARIES = YES;
				CODE_SIGN_STYLE = Automatic;
				DEVELOPMENT_TEAM = UJUQ4V99B4;
				INFOPLIST_FILE = "camera+displayUITests/Info.plist";
				LD_RUNPATH_SEARCH_PATHS = (
					"$(inherited)",
					"@executable_path/Frameworks",
					"@loader_path/Frameworks",
				);
				PRODUCT_BUNDLE_IDENTIFIER = "kwk.camera-displayUITests";
				PRODUCT_NAME = "$(TARGET_NAME)";
				SWIFT_VERSION = 5.0;
				TARGETED_DEVICE_FAMILY = "1,2";
				TEST_TARGET_NAME = "camera+display";
			};
			name = Release;
		};
/* End XCBuildConfiguration section */

/* Begin XCConfigurationList section */
		550EEFD426B9BEB90041158C /* Build configuration list for PBXProject "camera+display" */ = {
			isa = XCConfigurationList;
			buildConfigurations = (
				550EF00426B9BEBC0041158C /* Debug */,
				550EF00526B9BEBC0041158C /* Release */,
			);
			defaultConfigurationIsVisible = 0;
			defaultConfigurationName = Release;
		};
		550EF00626B9BEBC0041158C /* Build configuration list for PBXNativeTarget "camera+display" */ = {
			isa = XCConfigurationList;
			buildConfigurations = (
				550EF00726B9BEBC0041158C /* Debug */,
				550EF00826B9BEBC0041158C /* Release */,
			);
			defaultConfigurationIsVisible = 0;
			defaultConfigurationName = Release;
		};
		550EF00926B9BEBC0041158C /* Build configuration list for PBXNativeTarget "camera+displayTests" */ = {
			isa = XCConfigurationList;
			buildConfigurations = (
				550EF00A26B9BEBC0041158C /* Debug */,
				550EF00B26B9BEBC0041158C /* Release */,
			);
			defaultConfigurationIsVisible = 0;
			defaultConfigurationName = Release;
		};
		550EF00C26B9BEBC0041158C /* Build configuration list for PBXNativeTarget "camera+displayUITests" */ = {
			isa = XCConfigurationList;
			buildConfigurations = (
				550EF00D26B9BEBC0041158C /* Debug */,
				550EF00E26B9BEBC0041158C /* Release */,
			);
			defaultConfigurationIsVisible = 0;
			defaultConfigurationName = Release;
		};
/* End XCConfigurationList section */

/* Begin XCVersionGroup section */
		550EEFE526B9BEB90041158C /* camera_display.xcdatamodeld */ = {
			isa = XCVersionGroup;
			children = (
				550EEFE626B9BEB90041158C /* camera_display.xcdatamodel */,
			);
			currentVersion = 550EEFE626B9BEB90041158C /* camera_display.xcdatamodel */;
			path = camera_display.xcdatamodeld;
			sourceTree = "<group>";
			versionGroupType = wrapper.xcdatamodel;
		};
/* End XCVersionGroup section */
	};
	rootObject = 550EEFD126B9BEB90041158C /* Project object */;
}
